
Microsoft Visual Studio Solution File, Format Version 12.00
# Visual Studio Version 17
VisualStudioVersion = 17.3.32825.248
MinimumVisualStudioVersion = 10.0.40219.1
Project("{FAE04EC0-301F-11D3-BF4B-00C04F79EFBC}") = "BlazorSimpleUserRegistration.Server", "BlazorSimpleUserRegistration\Server\BlazorSimpleUserRegistration.Server.csproj", "{FF65FC33-099A-4051-A02F-4E56CBD332F5}"
EndProject
Project("{FAE04EC0-301F-11D3-BF4B-00C04F79EFBC}") = "BlazorSimpleUserRegistration.Client", "BlazorSimpleUserRegistration\Client\BlazorSimpleUserRegistration.Client.csproj", "{E8BE0C6E-45A6-41FB-84A7-AA55C7DF6639}"
EndProject
Project("{FAE04EC0-301F-11D3-BF4B-00C04F79EFBC}") = "BlazorSimpleUserRegistration.Shared", "BlazorSimpleUserRegistration\Shared\BlazorSimpleUserRegistration.Shared.csproj", "{851DC41C-F596-4D9A-92E6-184FC4316004}"
EndProject
Global
	GlobalSection(SolutionConfigurationPlatforms) = preSolution
		Debug|Any CPU = Debug|Any CPU
		Release|Any CPU = Release|Any CPU
	EndGlobalSection
	GlobalSection(ProjectConfigurationPlatforms) = postSolution
		{FF65FC33-099A-4051-A02F-4E56CBD332F5}.Debug|Any CPU.ActiveCfg = Debug|Any CPU
		{FF65FC33-099A-4051-A02F-4E56CBD332F5}.Debug|Any CPU.Build.0 = Debug|Any CPU
		{FF65FC33-099A-4051-A02F-4E56CBD332F5}.Release|Any CPU.ActiveCfg = Release|Any CPU
		{FF65FC33-099A-4051-A02F-4E56CBD332F5}.Release|Any CPU.Build.0 = Release|Any CPU
		{E8BE0C6E-45A6-41FB-84A7-AA55C7DF6639}.Debug|Any CPU.ActiveCfg = Debug|Any CPU
		{E8BE0C6E-45A6-41FB-84A7-AA55C7DF6639}.Debug|Any CPU.Build.0 = Debug|Any CPU
		{E8BE0C6E-45A6-41FB-84A7-AA55C7DF6639}.Release|Any CPU.ActiveCfg = Release|Any CPU
		{E8BE0C6E-45A6-41FB-84A7-AA55C7DF6639}.Release|Any CPU.Build.0 = Release|Any CPU
		{851DC41C-F596-4D9A-92E6-184FC4316004}.Debug|Any CPU.ActiveCfg = Debug|Any CPU
		{851DC41C-F596-4D9A-92E6-184FC4316004}.Debug|Any CPU.Build.0 = Debug|Any CPU
		{851DC41C-F596-4D9A-92E6-184FC4316004}.Release|Any CPU.ActiveCfg = Release|Any CPU
		{851DC41C-F596-4D9A-92E6-184FC4316004}.Release|Any CPU.Build.0 = Release|Any CPU
	EndGlobalSection
	GlobalSection(SolutionProperties) = preSolution
		HideSolutionNode = FALSE
	EndGlobalSection
	GlobalSection(ExtensibilityGlobals) = postSolution
		SolutionGuid = {81110E6C-1F91-430D-A2C3-8EFB13140243}
	EndGlobalSection
EndGlobal
